
Microsoft Visual Studio Solution File, Format Version 12.00
# Visual Studio 15
VisualStudioVersion = 15.0.28307.1300
MinimumVisualStudioVersion = 10.0.40219.1
Project("{FAE04EC0-301F-11D3-BF4B-00C04F79EFBC}") = "TestApp1.Android", "TestApp1\TestApp1.Android\TestApp1.Android.csproj", "{12DBEE4F-23B0-43C7-B988-8894BE2DE797}"
EndProject
Project("{FAE04EC0-301F-11D3-BF4B-00C04F79EFBC}") = "TestApp1.iOS", "TestApp1\TestApp1.iOS\TestApp1.iOS.csproj", "{FD2EACE3-F537-4714-AB6D-0BCD5BCEC518}"
EndProject
Project("{FAE04EC0-301F-11D3-BF4B-00C04F79EFBC}") = "TestApp1.UWP", "TestApp1\TestApp1.UWP\TestApp1.UWP.csproj", "{30BCB049-51EB-4114-AE0A-BC4A56FCF276}"
EndProject
Project("{FAE04EC0-301F-11D3-BF4B-00C04F79EFBC}") = "TestApp1", "TestApp1\TestApp1\TestApp1.csproj", "{C0FA484E-49CA-4DD8-8A52-F8861C56AB2E}"
EndProject
Global
	GlobalSection(SolutionConfigurationPlatforms) = preSolution
		Ad-Hoc|Any CPU = Ad-Hoc|Any CPU
		Ad-Hoc|ARM = Ad-Hoc|ARM
		Ad-Hoc|iPhone = Ad-Hoc|iPhone
		Ad-Hoc|iPhoneSimulator = Ad-Hoc|iPhoneSimulator
		Ad-Hoc|x64 = Ad-Hoc|x64
		Ad-Hoc|x86 = Ad-Hoc|x86
		AppStore|Any CPU = AppStore|Any CPU
		AppStore|ARM = AppStore|ARM
		AppStore|iPhone = AppStore|iPhone
		AppStore|iPhoneSimulator = AppStore|iPhoneSimulator
		AppStore|x64 = AppStore|x64
		AppStore|x86 = AppStore|x86
		Debug|Any CPU = Debug|Any CPU
		Debug|ARM = Debug|ARM
		Debug|iPhone = Debug|iPhone
		Debug|iPhoneSimulator = Debug|iPhoneSimulator
		Debug|x64 = Debug|x64
		Debug|x86 = Debug|x86
		Release|Any CPU = Release|Any CPU
		Release|ARM = Release|ARM
		Release|iPhone = Release|iPhone
		Release|iPhoneSimulator = Release|iPhoneSimulator
		Release|x64 = Release|x64
		Release|x86 = Release|x86
	EndGlobalSection
	GlobalSection(ProjectConfigurationPlatforms) = postSolution
		{12DBEE4F-23B0-43C7-B988-8894BE2DE797}.Ad-Hoc|Any CPU.ActiveCfg = Release|Any CPU
		{12DBEE4F-23B0-43C7-B988-8894BE2DE797}.Ad-Hoc|Any CPU.Build.0 = Release|Any CPU
		{12DBEE4F-23B0-43C7-B988-8894BE2DE797}.Ad-Hoc|Any CPU.Deploy.0 = Release|Any CPU
		{12DBEE4F-23B0-43C7-B988-8894BE2DE797}.Ad-Hoc|ARM.ActiveCfg = Release|Any CPU
		{12DBEE4F-23B0-43C7-B988-8894BE2DE797}.Ad-Hoc|ARM.Build.0 = Release|Any CPU
		{12DBEE4F-23B0-43C7-B988-8894BE2DE797}.Ad-Hoc|ARM.Deploy.0 = Release|Any CPU
		{12DBEE4F-23B0-43C7-B988-8894BE2DE797}.Ad-Hoc|iPhone.ActiveCfg = Release|Any CPU
		{12DBEE4F-23B0-43C7-B988-8894BE2DE797}.Ad-Hoc|iPhone.Build.0 = Release|Any CPU
		{12DBEE4F-23B0-43C7-B988-8894BE2DE797}.Ad-Hoc|iPhone.Deploy.0 = Release|Any CPU
		{12DBEE4F-23B0-43C7-B988-8894BE2DE797}.Ad-Hoc|iPhoneSimulator.ActiveCfg = Release|Any CPU
		{12DBEE4F-23B0-43C7-B988-8894BE2DE797}.Ad-Hoc|iPhoneSimulator.Build.0 = Release|Any CPU
		{12DBEE4F-23B0-43C7-B988-8894BE2DE797}.Ad-Hoc|iPhoneSimulator.Deploy.0 = Release|Any CPU
		{12DBEE4F-23B0-43C7-B988-8894BE2DE797}.Ad-Hoc|x64.ActiveCfg = Release|Any CPU
		{12DBEE4F-23B0-43C7-B988-8894BE2DE797}.Ad-Hoc|x64.Build.0 = Release|Any CPU
		{12DBEE4F-23B0-43C7-B988-8894BE2DE797}.Ad-Hoc|x64.Deploy.0 = Release|Any CPU
		{12DBEE4F-23B0-43C7-B988-8894BE2DE797}.Ad-Hoc|x86.ActiveCfg = Release|Any CPU
		{12DBEE4F-23B0-43C7-B988-8894BE2DE797}.Ad-Hoc|x86.Build.0 = Release|Any CPU
		{12DBEE4F-23B0-43C7-B988-8894BE2DE797}.Ad-Hoc|x86.Deploy.0 = Release|Any CPU
		{12DBEE4F-23B0-43C7-B988-8894BE2DE797}.AppStore|Any CPU.ActiveCfg = Release|Any CPU
		{12DBEE4F-23B0-43C7-B988-8894BE2DE797}.AppStore|Any CPU.Build.0 = Release|Any CPU
		{12DBEE4F-23B0-43C7-B988-8894BE2DE797}.AppStore|Any CPU.Deploy.0 = Release|Any CPU
		{12DBEE4F-23B0-43C7-B988-8894BE2DE797}.AppStore|ARM.ActiveCfg = Release|Any CPU
		{12DBEE4F-23B0-43C7-B988-8894BE2DE797}.AppStore|ARM.Build.0 = Release|Any CPU
		{12DBEE4F-23B0-43C7-B988-8894BE2DE797}.AppStore|ARM.Deploy.0 = Release|Any CPU
		{12DBEE4F-23B0-43C7-B988-8894BE2DE797}.AppStore|iPhone.ActiveCfg = Release|Any CPU
		{12DBEE4F-23B0-43C7-B988-8894BE2DE797}.AppStore|iPhone.Build.0 = Release|Any CPU
		{12DBEE4F-23B0-43C7-B988-8894BE2DE797}.AppStore|iPhone.Deploy.0 = Release|Any CPU
		{12DBEE4F-23B0-43C7-B988-8894BE2DE797}.AppStore|iPhoneSimulator.ActiveCfg = Release|Any CPU
		{12DBEE4F-23B0-43C7-B988-8894BE2DE797}.AppStore|iPhoneSimulator.Build.0 = Release|Any CPU
		{12DBEE4F-23B0-43C7-B988-8894BE2DE797}.AppStore|iPhoneSimulator.Deploy.0 = Release|Any CPU
		{12DBEE4F-23B0-43C7-B988-8894BE2DE797}.AppStore|x64.ActiveCfg = Release|Any CPU
		{12DBEE4F-23B0-43C7-B988-8894BE2DE797}.AppStore|x64.Build.0 = Release|Any CPU
		{12DBEE4F-23B0-43C7-B988-8894BE2DE797}.AppStore|x64.Deploy.0 = Release|Any CPU
		{12DBEE4F-23B0-43C7-B988-8894BE2DE797}.AppStore|x86.ActiveCfg = Release|Any CPU
		{12DBEE4F-23B0-43C7-B988-8894BE2DE797}.AppStore|x86.Build.0 = Release|Any CPU
		{12DBEE4F-23B0-43C7-B988-8894BE2DE797}.AppStore|x86.Deploy.0 = Release|Any CPU
		{12DBEE4F-23B0-43C7-B988-8894BE2DE797}.Debug|Any CPU.ActiveCfg = Debug|Any CPU
		{12DBEE4F-23B0-43C7-B988-8894BE2DE797}.Debug|Any CPU.Build.0 = Debug|Any CPU
		{12DBEE4F-23B0-43C7-B988-8894BE2DE797}.Debug|Any CPU.Deploy.0 = Debug|Any CPU
		{12DBEE4F-23B0-43C7-B988-8894BE2DE797}.Debug|ARM.ActiveCfg = Debug|Any CPU
		{12DBEE4F-23B0-43C7-B988-8894BE2DE797}.Debug|ARM.Build.0 = Debug|Any CPU
		{12DBEE4F-23B0-43C7-B988-8894BE2DE797}.Debug|ARM.Deploy.0 = Debug|Any CPU
		{12DBEE4F-23B0-43C7-B988-8894BE2DE797}.Debug|iPhone.ActiveCfg = Debug|Any CPU
		{12DBEE4F-23B0-43C7-B988-8894BE2DE797}.Debug|iPhone.Build.0 = Debug|Any CPU
		{12DBEE4F-23B0-43C7-B988-8894BE2DE797}.Debug|iPhone.Deploy.0 = Debug|Any CPU
		{12DBEE4F-23B0-43C7-B988-8894BE2DE797}.Debug|iPhoneSimulator.ActiveCfg = Debug|Any CPU
		{12DBEE4F-23B0-43C7-B988-8894BE2DE797}.Debug|iPhoneSimulator.Build.0 = Debug|Any CPU
		{12DBEE4F-23B0-43C7-B988-8894BE2DE797}.Debug|iPhoneSimulator.Deploy.0 = Debug|Any CPU
		{12DBEE4F-23B0-43C7-B988-8894BE2DE797}.Debug|x64.ActiveCfg = Debug|Any CPU
		{12DBEE4F-23B0-43C7-B988-8894BE2DE797}.Debug|x64.Build.0 = Debug|Any CPU
		{12DBEE4F-23B0-43C7-B988-8894BE2DE797}.Debug|x64.Deploy.0 = Debug|Any CPU
		{12DBEE4F-23B0-43C7-B988-8894BE2DE797}.Debug|x86.ActiveCfg = Debug|Any CPU
		{12DBEE4F-23B0-43C7-B988-8894BE2DE797}.Debug|x86.Build.0 = Debug|Any CPU
		{12DBEE4F-23B0-43C7-B988-8894BE2DE797}.Debug|x86.Deploy.0 = Debug|Any CPU
		{12DBEE4F-23B0-43C7-B988-8894BE2DE797}.Release|Any CPU.ActiveCfg = Release|Any CPU
		{12DBEE4F-23B0-43C7-B988-8894BE2DE797}.Release|Any CPU.Build.0 = Release|Any CPU
		{12DBEE4F-23B0-43C7-B988-8894BE2DE797}.Release|Any CPU.Deploy.0 = Release|Any CPU
		{12DBEE4F-23B0-43C7-B988-8894BE2DE797}.Release|ARM.ActiveCfg = Release|Any CPU
		{12DBEE4F-23B0-43C7-B988-8894BE2DE797}.Release|ARM.Build.0 = Release|Any CPU
		{12DBEE4F-23B0-43C7-B988-8894BE2DE797}.Release|ARM.Deploy.0 = Release|Any CPU
		{12DBEE4F-23B0-43C7-B988-8894BE2DE797}.Release|iPhone.ActiveCfg = Release|Any CPU
		{12DBEE4F-23B0-43C7-B988-8894BE2DE797}.Release|iPhone.Build.0 = Release|Any CPU
		{12DBEE4F-23B0-43C7-B988-8894BE2DE797}.Release|iPhone.Deploy.0 = Release|Any CPU
		{12DBEE4F-23B0-43C7-B988-8894BE2DE797}.Release|iPhoneSimulator.ActiveCfg = Release|Any CPU
		{12DBEE4F-23B0-43C7-B988-8894BE2DE797}.Release|iPhoneSimulator.Build.0 = Release|Any CPU
		{12DBEE4F-23B0-43C7-B988-8894BE2DE797}.Release|iPhoneSimulator.Deploy.0 = Release|Any CPU
		{12DBEE4F-23B0-43C7-B988-8894BE2DE797}.Release|x64.ActiveCfg = Release|Any CPU
		{12DBEE4F-23B0-43C7-B988-8894BE2DE797}.Release|x64.Build.0 = Release|Any CPU
		{12DBEE4F-23B0-43C7-B988-8894BE2DE797}.Release|x64.Deploy.0 = Release|Any CPU
		{12DBEE4F-23B0-43C7-B988-8894BE2DE797}.Release|x86.ActiveCfg = Release|Any CPU
		{12DBEE4F-23B0-43C7-B988-8894BE2DE797}.Release|x86.Build.0 = Release|Any CPU
		{12DBEE4F-23B0-43C7-B988-8894BE2DE797}.Release|x86.Deploy.0 = Release|Any CPU
		{FD2EACE3-F537-4714-AB6D-0BCD5BCEC518}.Ad-Hoc|Any CPU.ActiveCfg = Ad-Hoc|iPhone
		{FD2EACE3-F537-4714-AB6D-0BCD5BCEC518}.Ad-Hoc|Any CPU.Build.0 = Ad-Hoc|iPhone
		{FD2EACE3-F537-4714-AB6D-0BCD5BCEC518}.Ad-Hoc|Any CPU.Deploy.0 = Ad-Hoc|iPhone
		{FD2EACE3-F537-4714-AB6D-0BCD5BCEC518}.Ad-Hoc|ARM.ActiveCfg = Ad-Hoc|iPhone
		{FD2EACE3-F537-4714-AB6D-0BCD5BCEC518}.Ad-Hoc|ARM.Build.0 = Ad-Hoc|iPhone
		{FD2EACE3-F537-4714-AB6D-0BCD5BCEC518}.Ad-Hoc|ARM.Deploy.0 = Ad-Hoc|iPhone
		{FD2EACE3-F537-4714-AB6D-0BCD5BCEC518}.Ad-Hoc|iPhone.ActiveCfg = Ad-Hoc|iPhone
		{FD2EACE3-F537-4714-AB6D-0BCD5BCEC518}.Ad-Hoc|iPhone.Build.0 = Ad-Hoc|iPhone
		{FD2EACE3-F537-4714-AB6D-0BCD5BCEC518}.Ad-Hoc|iPhone.Deploy.0 = Ad-Hoc|iPhone
		{FD2EACE3-F537-4714-AB6D-0BCD5BCEC518}.Ad-Hoc|iPhoneSimulator.ActiveCfg = Ad-Hoc|iPhoneSimulator
		{FD2EACE3-F537-4714-AB6D-0BCD5BCEC518}.Ad-Hoc|iPhoneSimulator.Build.0 = Ad-Hoc|iPhoneSimulator
		{FD2EACE3-F537-4714-AB6D-0BCD5BCEC518}.Ad-Hoc|iPhoneSimulator.Deploy.0 = Ad-Hoc|iPhoneSimulator
		{FD2EACE3-F537-4714-AB6D-0BCD5BCEC518}.Ad-Hoc|x64.ActiveCfg = Ad-Hoc|iPhone
		{FD2EACE3-F537-4714-AB6D-0BCD5BCEC518}.Ad-Hoc|x64.Build.0 = Ad-Hoc|iPhone
		{FD2EACE3-F537-4714-AB6D-0BCD5BCEC518}.Ad-Hoc|x64.Deploy.0 = Ad-Hoc|iPhone
		{FD2EACE3-F537-4714-AB6D-0BCD5BCEC518}.Ad-Hoc|x86.ActiveCfg = Ad-Hoc|iPhone
		{FD2EACE3-F537-4714-AB6D-0BCD5BCEC518}.Ad-Hoc|x86.Build.0 = Ad-Hoc|iPhone
		{FD2EACE3-F537-4714-AB6D-0BCD5BCEC518}.Ad-Hoc|x86.Deploy.0 = Ad-Hoc|iPhone
		{FD2EACE3-F537-4714-AB6D-0BCD5BCEC518}.AppStore|Any CPU.ActiveCfg = AppStore|iPhone
		{FD2EACE3-F537-4714-AB6D-0BCD5BCEC518}.AppStore|Any CPU.Build.0 = AppStore|iPhone
		{FD2EACE3-F537-4714-AB6D-0BCD5BCEC518}.AppStore|Any CPU.Deploy.0 = AppStore|iPhone
		{FD2EACE3-F537-4714-AB6D-0BCD5BCEC518}.AppStore|ARM.ActiveCfg = AppStore|iPhone
		{FD2EACE3-F537-4714-AB6D-0BCD5BCEC518}.AppStore|ARM.Build.0 = AppStore|iPhone
		{FD2EACE3-F537-4714-AB6D-0BCD5BCEC518}.AppStore|ARM.Deploy.0 = AppStore|iPhone
		{FD2EACE3-F537-4714-AB6D-0BCD5BCEC518}.AppStore|iPhone.ActiveCfg = AppStore|iPhone
		{FD2EACE3-F537-4714-AB6D-0BCD5BCEC518}.AppStore|iPhone.Build.0 = AppStore|iPhone
		{FD2EACE3-F537-4714-AB6D-0BCD5BCEC518}.AppStore|iPhone.Deploy.0 = AppStore|iPhone
		{FD2EACE3-F537-4714-AB6D-0BCD5BCEC518}.AppStore|iPhoneSimulator.ActiveCfg = AppStore|iPhoneSimulator
		{FD2EACE3-F537-4714-AB6D-0BCD5BCEC518}.AppStore|iPhoneSimulator.Build.0 = AppStore|iPhoneSimulator
		{FD2EACE3-F537-4714-AB6D-0BCD5BCEC518}.AppStore|iPhoneSimulator.Deploy.0 = AppStore|iPhoneSimulator
		{FD2EACE3-F537-4714-AB6D-0BCD5BCEC518}.AppStore|x64.ActiveCfg = AppStore|iPhone
		{FD2EACE3-F537-4714-AB6D-0BCD5BCEC518}.AppStore|x64.Build.0 = AppStore|iPhone
		{FD2EACE3-F537-4714-AB6D-0BCD5BCEC518}.AppStore|x64.Deploy.0 = AppStore|iPhone
		{FD2EACE3-F537-4714-AB6D-0BCD5BCEC518}.AppStore|x86.ActiveCfg = AppStore|iPhone
		{FD2EACE3-F537-4714-AB6D-0BCD5BCEC518}.AppStore|x86.Build.0 = AppStore|iPhone
		{FD2EACE3-F537-4714-AB6D-0BCD5BCEC518}.AppStore|x86.Deploy.0 = AppStore|iPhone
		{FD2EACE3-F537-4714-AB6D-0BCD5BCEC518}.Debug|Any CPU.ActiveCfg = Debug|iPhoneSimulator
		{FD2EACE3-F537-4714-AB6D-0BCD5BCEC518}.Debug|Any CPU.Build.0 = Debug|iPhoneSimulator
		{FD2EACE3-F537-4714-AB6D-0BCD5BCEC518}.Debug|Any CPU.Deploy.0 = Debug|iPhoneSimulator
		{FD2EACE3-F537-4714-AB6D-0BCD5BCEC518}.Debug|ARM.ActiveCfg = Debug|iPhone
		{FD2EACE3-F537-4714-AB6D-0BCD5BCEC518}.Debug|ARM.Build.0 = Debug|iPhone
		{FD2EACE3-F537-4714-AB6D-0BCD5BCEC518}.Debug|ARM.Deploy.0 = Debug|iPhone
		{FD2EACE3-F537-4714-AB6D-0BCD5BCEC518}.Debug|iPhone.ActiveCfg = Debug|iPhone
		{FD2EACE3-F537-4714-AB6D-0BCD5BCEC518}.Debug|iPhone.Build.0 = Debug|iPhone
		{FD2EACE3-F537-4714-AB6D-0BCD5BCEC518}.Debug|iPhone.Deploy.0 = Debug|iPhone
		{FD2EACE3-F537-4714-AB6D-0BCD5BCEC518}.Debug|iPhoneSimulator.ActiveCfg = Debug|iPhoneSimulator
		{FD2EACE3-F537-4714-AB6D-0BCD5BCEC518}.Debug|iPhoneSimulator.Build.0 = Debug|iPhoneSimulator
		{FD2EACE3-F537-4714-AB6D-0BCD5BCEC518}.Debug|iPhoneSimulator.Deploy.0 = Debug|iPhoneSimulator
		{FD2EACE3-F537-4714-AB6D-0BCD5BCEC518}.Debug|x64.ActiveCfg = Debug|iPhone
		{FD2EACE3-F537-4714-AB6D-0BCD5BCEC518}.Debug|x64.Build.0 = Debug|iPhone
		{FD2EACE3-F537-4714-AB6D-0BCD5BCEC518}.Debug|x64.Deploy.0 = Debug|iPhone
		{FD2EACE3-F537-4714-AB6D-0BCD5BCEC518}.Debug|x86.ActiveCfg = Debug|iPhone
		{FD2EACE3-F537-4714-AB6D-0BCD5BCEC518}.Debug|x86.Build.0 = Debug|iPhone
		{FD2EACE3-F537-4714-AB6D-0BCD5BCEC518}.Debug|x86.Deploy.0 = Debug|iPhone
		{FD2EACE3-F537-4714-AB6D-0BCD5BCEC518}.Release|Any CPU.ActiveCfg = Release|iPhone
		{FD2EACE3-F537-4714-AB6D-0BCD5BCEC518}.Release|Any CPU.Build.0 = Release|iPhone
		{FD2EACE3-F537-4714-AB6D-0BCD5BCEC518}.Release|Any CPU.Deploy.0 = Release|iPhone
		{FD2EACE3-F537-4714-AB6D-0BCD5BCEC518}.Release|ARM.ActiveCfg = Release|iPhone
		{FD2EACE3-F537-4714-AB6D-0BCD5BCEC518}.Release|ARM.Build.0 = Release|iPhone
		{FD2EACE3-F537-4714-AB6D-0BCD5BCEC518}.Release|ARM.Deploy.0 = Release|iPhone
		{FD2EACE3-F537-4714-AB6D-0BCD5BCEC518}.Release|iPhone.ActiveCfg = Release|iPhone
		{FD2EACE3-F537-4714-AB6D-0BCD5BCEC518}.Release|iPhone.Build.0 = Release|iPhone
		{FD2EACE3-F537-4714-AB6D-0BCD5BCEC518}.Release|iPhone.Deploy.0 = Release|iPhone
		{FD2EACE3-F537-4714-AB6D-0BCD5BCEC518}.Release|iPhoneSimulator.ActiveCfg = Release|iPhoneSimulator
		{FD2EACE3-F537-4714-AB6D-0BCD5BCEC518}.Release|iPhoneSimulator.Build.0 = Release|iPhoneSimulator
		{FD2EACE3-F537-4714-AB6D-0BCD5BCEC518}.Release|iPhoneSimulator.Deploy.0 = Release|iPhoneSimulator
		{FD2EACE3-F537-4714-AB6D-0BCD5BCEC518}.Release|x64.ActiveCfg = Release|iPhone
		{FD2EACE3-F537-4714-AB6D-0BCD5BCEC518}.Release|x64.Build.0 = Release|iPhone
		{FD2EACE3-F537-4714-AB6D-0BCD5BCEC518}.Release|x64.Deploy.0 = Release|iPhone
		{FD2EACE3-F537-4714-AB6D-0BCD5BCEC518}.Release|x86.ActiveCfg = Release|iPhone
		{FD2EACE3-F537-4714-AB6D-0BCD5BCEC518}.Release|x86.Build.0 = Release|iPhone
		{FD2EACE3-F537-4714-AB6D-0BCD5BCEC518}.Release|x86.Deploy.0 = Release|iPhone
		{30BCB049-51EB-4114-AE0A-BC4A56FCF276}.Ad-Hoc|Any CPU.ActiveCfg = Release|x86
		{30BCB049-51EB-4114-AE0A-BC4A56FCF276}.Ad-Hoc|Any CPU.Build.0 = Release|x86
		{30BCB049-51EB-4114-AE0A-BC4A56FCF276}.Ad-Hoc|Any CPU.Deploy.0 = Release|x86
		{30BCB049-51EB-4114-AE0A-BC4A56FCF276}.Ad-Hoc|ARM.ActiveCfg = Release|ARM
		{30BCB049-51EB-4114-AE0A-BC4A56FCF276}.Ad-Hoc|ARM.Build.0 = Release|ARM
		{30BCB049-51EB-4114-AE0A-BC4A56FCF276}.Ad-Hoc|ARM.Deploy.0 = Release|ARM
		{30BCB049-51EB-4114-AE0A-BC4A56FCF276}.Ad-Hoc|iPhone.ActiveCfg = Release|x86
		{30BCB049-51EB-4114-AE0A-BC4A56FCF276}.Ad-Hoc|iPhone.Build.0 = Release|x86
		{30BCB049-51EB-4114-AE0A-BC4A56FCF276}.Ad-Hoc|iPhone.Deploy.0 = Release|x86
		{30BCB049-51EB-4114-AE0A-BC4A56FCF276}.Ad-Hoc|iPhoneSimulator.ActiveCfg = Release|x86
		{30BCB049-51EB-4114-AE0A-BC4A56FCF276}.Ad-Hoc|iPhoneSimulator.Build.0 = Release|x86
		{30BCB049-51EB-4114-AE0A-BC4A56FCF276}.Ad-Hoc|iPhoneSimulator.Deploy.0 = Release|x86
		{30BCB049-51EB-4114-AE0A-BC4A56FCF276}.Ad-Hoc|x64.ActiveCfg = Release|x64
		{30BCB049-51EB-4114-AE0A-BC4A56FCF276}.Ad-Hoc|x64.Build.0 = Release|x64
		{30BCB049-51EB-4114-AE0A-BC4A56FCF276}.Ad-Hoc|x64.Deploy.0 = Release|x64
		{30BCB049-51EB-4114-AE0A-BC4A56FCF276}.Ad-Hoc|x86.ActiveCfg = Release|x86
		{30BCB049-51EB-4114-AE0A-BC4A56FCF276}.Ad-Hoc|x86.Build.0 = Release|x86
		{30BCB049-51EB-4114-AE0A-BC4A56FCF276}.Ad-Hoc|x86.Deploy.0 = Release|x86
		{30BCB049-51EB-4114-AE0A-BC4A56FCF276}.AppStore|Any CPU.ActiveCfg = Release|x86
		{30BCB049-51EB-4114-AE0A-BC4A56FCF276}.AppStore|Any CPU.Build.0 = Release|x86
		{30BCB049-51EB-4114-AE0A-BC4A56FCF276}.AppStore|Any CPU.Deploy.0 = Release|x86
		{30BCB049-51EB-4114-AE0A-BC4A56FCF276}.AppStore|ARM.ActiveCfg = Release|ARM
		{30BCB049-51EB-4114-AE0A-BC4A56FCF276}.AppStore|ARM.Build.0 = Release|ARM
		{30BCB049-51EB-4114-AE0A-BC4A56FCF276}.AppStore|ARM.Deploy.0 = Release|ARM
		{30BCB049-51EB-4114-AE0A-BC4A56FCF276}.AppStore|iPhone.ActiveCfg = Release|x86
		{30BCB049-51EB-4114-AE0A-BC4A56FCF276}.AppStore|iPhone.Build.0 = Release|x86
		{30BCB049-51EB-4114-AE0A-BC4A56FCF276}.AppStore|iPhone.Deploy.0 = Release|x86
		{30BCB049-51EB-4114-AE0A-BC4A56FCF276}.AppStore|iPhoneSimulator.ActiveCfg = Release|x86
		{30BCB049-51EB-4114-AE0A-BC4A56FCF276}.AppStore|iPhoneSimulator.Build.0 = Release|x86
		{30BCB049-51EB-4114-AE0A-BC4A56FCF276}.AppStore|iPhoneSimulator.Deploy.0 = Release|x86
		{30BCB049-51EB-4114-AE0A-BC4A56FCF276}.AppStore|x64.ActiveCfg = Release|x64
		{30BCB049-51EB-4114-AE0A-BC4A56FCF276}.AppStore|x64.Build.0 = Release|x64
		{30BCB049-51EB-4114-AE0A-BC4A56FCF276}.AppStore|x64.Deploy.0 = Release|x64
		{30BCB049-51EB-4114-AE0A-BC4A56FCF276}.AppStore|x86.ActiveCfg = Release|x86
		{30BCB049-51EB-4114-AE0A-BC4A56FCF276}.AppStore|x86.Build.0 = Release|x86
		{30BCB049-51EB-4114-AE0A-BC4A56FCF276}.AppStore|x86.Deploy.0 = Release|x86
		{30BCB049-51EB-4114-AE0A-BC4A56FCF276}.Debug|Any CPU.ActiveCfg = Debug|x86
		{30BCB049-51EB-4114-AE0A-BC4A56FCF276}.Debug|Any CPU.Build.0 = Debug|x86
		{30BCB049-51EB-4114-AE0A-BC4A56FCF276}.Debug|Any CPU.Deploy.0 = Debug|x86
		{30BCB049-51EB-4114-AE0A-BC4A56FCF276}.Debug|ARM.ActiveCfg = Debug|ARM
		{30BCB049-51EB-4114-AE0A-BC4A56FCF276}.Debug|ARM.Build.0 = Debug|ARM
		{30BCB049-51EB-4114-AE0A-BC4A56FCF276}.Debug|ARM.Deploy.0 = Debug|ARM
		{30BCB049-51EB-4114-AE0A-BC4A56FCF276}.Debug|iPhone.ActiveCfg = Debug|x86
		{30BCB049-51EB-4114-AE0A-BC4A56FCF276}.Debug|iPhone.Build.0 = Debug|x86
		{30BCB049-51EB-4114-AE0A-BC4A56FCF276}.Debug|iPhone.Deploy.0 = Debug|x86
		{30BCB049-51EB-4114-AE0A-BC4A56FCF276}.Debug|iPhoneSimulator.ActiveCfg = Debug|x86
		{30BCB049-51EB-4114-AE0A-BC4A56FCF276}.Debug|iPhoneSimulator.Build.0 = Debug|x86
		{30BCB049-51EB-4114-AE0A-BC4A56FCF276}.Debug|iPhoneSimulator.Deploy.0 = Debug|x86
		{30BCB049-51EB-4114-AE0A-BC4A56FCF276}.Debug|x64.ActiveCfg = Debug|x64
		{30BCB049-51EB-4114-AE0A-BC4A56FCF276}.Debug|x64.Build.0 = Debug|x64
		{30BCB049-51EB-4114-AE0A-BC4A56FCF276}.Debug|x64.Deploy.0 = Debug|x64
		{30BCB049-51EB-4114-AE0A-BC4A56FCF276}.Debug|x86.ActiveCfg = Debug|x86
		{30BCB049-51EB-4114-AE0A-BC4A56FCF276}.Debug|x86.Build.0 = Debug|x86
		{30BCB049-51EB-4114-AE0A-BC4A56FCF276}.Debug|x86.Deploy.0 = Debug|x86
		{30BCB049-51EB-4114-AE0A-BC4A56FCF276}.Release|Any CPU.ActiveCfg = Release|x86
		{30BCB049-51EB-4114-AE0A-BC4A56FCF276}.Release|Any CPU.Build.0 = Release|x86
		{30BCB049-51EB-4114-AE0A-BC4A56FCF276}.Release|Any CPU.Deploy.0 = Release|x86
		{30BCB049-51EB-4114-AE0A-BC4A56FCF276}.Release|ARM.ActiveCfg = Release|ARM
		{30BCB049-51EB-4114-AE0A-BC4A56FCF276}.Release|ARM.Build.0 = Release|ARM
		{30BCB049-51EB-4114-AE0A-BC4A56FCF276}.Release|ARM.Deploy.0 = Release|ARM
		{30BCB049-51EB-4114-AE0A-BC4A56FCF276}.Release|iPhone.ActiveCfg = Release|x86
		{30BCB049-51EB-4114-AE0A-BC4A56FCF276}.Release|iPhone.Build.0 = Release|x86
		{30BCB049-51EB-4114-AE0A-BC4A56FCF276}.Release|iPhone.Deploy.0 = Release|x86
		{30BCB049-51EB-4114-AE0A-BC4A56FCF276}.Release|iPhoneSimulator.ActiveCfg = Release|x86
		{30BCB049-51EB-4114-AE0A-BC4A56FCF276}.Release|iPhoneSimulator.Build.0 = Release|x86
		{30BCB049-51EB-4114-AE0A-BC4A56FCF276}.Release|iPhoneSimulator.Deploy.0 = Release|x86
		{30BCB049-51EB-4114-AE0A-BC4A56FCF276}.Release|x64.ActiveCfg = Release|x64
		{30BCB049-51EB-4114-AE0A-BC4A56FCF276}.Release|x64.Build.0 = Release|x64
		{30BCB049-51EB-4114-AE0A-BC4A56FCF276}.Release|x64.Deploy.0 = Release|x64
		{30BCB049-51EB-4114-AE0A-BC4A56FCF276}.Release|x86.ActiveCfg = Release|x86
		{30BCB049-51EB-4114-AE0A-BC4A56FCF276}.Release|x86.Build.0 = Release|x86
		{30BCB049-51EB-4114-AE0A-BC4A56FCF276}.Release|x86.Deploy.0 = Release|x86
		{C0FA484E-49CA-4DD8-8A52-F8861C56AB2E}.Ad-Hoc|Any CPU.ActiveCfg = Debug|Any CPU
		{C0FA484E-49CA-4DD8-8A52-F8861C56AB2E}.Ad-Hoc|Any CPU.Build.0 = Debug|Any CPU
		{C0FA484E-49CA-4DD8-8A52-F8861C56AB2E}.Ad-Hoc|Any CPU.Deploy.0 = Debug|Any CPU
		{C0FA484E-49CA-4DD8-8A52-F8861C56AB2E}.Ad-Hoc|ARM.ActiveCfg = Debug|Any CPU
		{C0FA484E-49CA-4DD8-8A52-F8861C56AB2E}.Ad-Hoc|ARM.Build.0 = Debug|Any CPU
		{C0FA484E-49CA-4DD8-8A52-F8861C56AB2E}.Ad-Hoc|ARM.Deploy.0 = Debug|Any CPU
		{C0FA484E-49CA-4DD8-8A52-F8861C56AB2E}.Ad-Hoc|iPhone.ActiveCfg = Debug|Any CPU
		{C0FA484E-49CA-4DD8-8A52-F8861C56AB2E}.Ad-Hoc|iPhone.Build.0 = Debug|Any CPU
		{C0FA484E-49CA-4DD8-8A52-F8861C56AB2E}.Ad-Hoc|iPhone.Deploy.0 = Debug|Any CPU
		{C0FA484E-49CA-4DD8-8A52-F8861C56AB2E}.Ad-Hoc|iPhoneSimulator.ActiveCfg = Debug|Any CPU
		{C0FA484E-49CA-4DD8-8A52-F8861C56AB2E}.Ad-Hoc|iPhoneSimulator.Build.0 = Debug|Any CPU
		{C0FA484E-49CA-4DD8-8A52-F8861C56AB2E}.Ad-Hoc|iPhoneSimulator.Deploy.0 = Debug|Any CPU
		{C0FA484E-49CA-4DD8-8A52-F8861C56AB2E}.Ad-Hoc|x64.ActiveCfg = Debug|Any CPU
		{C0FA484E-49CA-4DD8-8A52-F8861C56AB2E}.Ad-Hoc|x64.Build.0 = Debug|Any CPU
		{C0FA484E-49CA-4DD8-8A52-F8861C56AB2E}.Ad-Hoc|x64.Deploy.0 = Debug|Any CPU
		{C0FA484E-49CA-4DD8-8A52-F8861C56AB2E}.Ad-Hoc|x86.ActiveCfg = Debug|Any CPU
		{C0FA484E-49CA-4DD8-8A52-F8861C56AB2E}.Ad-Hoc|x86.Build.0 = Debug|Any CPU
		{C0FA484E-49CA-4DD8-8A52-F8861C56AB2E}.Ad-Hoc|x86.Deploy.0 = Debug|Any CPU
		{C0FA484E-49CA-4DD8-8A52-F8861C56AB2E}.AppStore|Any CPU.ActiveCfg = Debug|Any CPU
		{C0FA484E-49CA-4DD8-8A52-F8861C56AB2E}.AppStore|Any CPU.Build.0 = Debug|Any CPU
		{C0FA484E-49CA-4DD8-8A52-F8861C56AB2E}.AppStore|Any CPU.Deploy.0 = Debug|Any CPU
		{C0FA484E-49CA-4DD8-8A52-F8861C56AB2E}.AppStore|ARM.ActiveCfg = Debug|Any CPU
		{C0FA484E-49CA-4DD8-8A52-F8861C56AB2E}.AppStore|ARM.Build.0 = Debug|Any CPU
		{C0FA484E-49CA-4DD8-8A52-F8861C56AB2E}.AppStore|ARM.Deploy.0 = Debug|Any CPU
		{C0FA484E-49CA-4DD8-8A52-F8861C56AB2E}.AppStore|iPhone.ActiveCfg = Debug|Any CPU
		{C0FA484E-49CA-4DD8-8A52-F8861C56AB2E}.AppStore|iPhone.Build.0 = Debug|Any CPU
		{C0FA484E-49CA-4DD8-8A52-F8861C56AB2E}.AppStore|iPhone.Deploy.0 = Debug|Any CPU
		{C0FA484E-49CA-4DD8-8A52-F8861C56AB2E}.AppStore|iPhoneSimulator.ActiveCfg = Debug|Any CPU
		{C0FA484E-49CA-4DD8-8A52-F8861C56AB2E}.AppStore|iPhoneSimulator.Build.0 = Debug|Any CPU
		{C0FA484E-49CA-4DD8-8A52-F8861C56AB2E}.AppStore|iPhoneSimulator.Deploy.0 = Debug|Any CPU
		{C0FA484E-49CA-4DD8-8A52-F8861C56AB2E}.AppStore|x64.ActiveCfg = Debug|Any CPU
		{C0FA484E-49CA-4DD8-8A52-F8861C56AB2E}.AppStore|x64.Build.0 = Debug|Any CPU
		{C0FA484E-49CA-4DD8-8A52-F8861C56AB2E}.AppStore|x64.Deploy.0 = Debug|Any CPU
		{C0FA484E-49CA-4DD8-8A52-F8861C56AB2E}.AppStore|x86.ActiveCfg = Debug|Any CPU
		{C0FA484E-49CA-4DD8-8A52-F8861C56AB2E}.AppStore|x86.Build.0 = Debug|Any CPU
		{C0FA484E-49CA-4DD8-8A52-F8861C56AB2E}.AppStore|x86.Deploy.0 = Debug|Any CPU
		{C0FA484E-49CA-4DD8-8A52-F8861C56AB2E}.Debug|Any CPU.ActiveCfg = Debug|Any CPU
		{C0FA484E-49CA-4DD8-8A52-F8861C56AB2E}.Debug|Any CPU.Build.0 = Debug|Any CPU
		{C0FA484E-49CA-4DD8-8A52-F8861C56AB2E}.Debug|Any CPU.Deploy.0 = Debug|Any CPU
		{C0FA484E-49CA-4DD8-8A52-F8861C56AB2E}.Debug|ARM.ActiveCfg = Debug|Any CPU
		{C0FA484E-49CA-4DD8-8A52-F8861C56AB2E}.Debug|ARM.Build.0 = Debug|Any CPU
		{C0FA484E-49CA-4DD8-8A52-F8861C56AB2E}.Debug|ARM.Deploy.0 = Debug|Any CPU
		{C0FA484E-49CA-4DD8-8A52-F8861C56AB2E}.Debug|iPhone.ActiveCfg = Debug|Any CPU
		{C0FA484E-49CA-4DD8-8A52-F8861C56AB2E}.Debug|iPhone.Build.0 = Debug|Any CPU
		{C0FA484E-49CA-4DD8-8A52-F8861C56AB2E}.Debug|iPhone.Deploy.0 = Debug|Any CPU
		{C0FA484E-49CA-4DD8-8A52-F8861C56AB2E}.Debug|iPhoneSimulator.ActiveCfg = Debug|Any CPU
		{C0FA484E-49CA-4DD8-8A52-F8861C56AB2E}.Debug|iPhoneSimulator.Build.0 = Debug|Any CPU
		{C0FA484E-49CA-4DD8-8A52-F8861C56AB2E}.Debug|iPhoneSimulator.Deploy.0 = Debug|Any CPU
		{C0FA484E-49CA-4DD8-8A52-F8861C56AB2E}.Debug|x64.ActiveCfg = Debug|Any CPU
		{C0FA484E-49CA-4DD8-8A52-F8861C56AB2E}.Debug|x64.Build.0 = Debug|Any CPU
		{C0FA484E-49CA-4DD8-8A52-F8861C56AB2E}.Debug|x64.Deploy.0 = Debug|Any CPU
		{C0FA484E-49CA-4DD8-8A52-F8861C56AB2E}.Debug|x86.ActiveCfg = Debug|Any CPU
		{C0FA484E-49CA-4DD8-8A52-F8861C56AB2E}.Debug|x86.Build.0 = Debug|Any CPU
		{C0FA484E-49CA-4DD8-8A52-F8861C56AB2E}.Debug|x86.Deploy.0 = Debug|Any CPU
		{C0FA484E-49CA-4DD8-8A52-F8861C56AB2E}.Release|Any CPU.ActiveCfg = Release|Any CPU
		{C0FA484E-49CA-4DD8-8A52-F8861C56AB2E}.Release|Any CPU.Build.0 = Release|Any CPU
		{C0FA484E-49CA-4DD8-8A52-F8861C56AB2E}.Release|Any CPU.Deploy.0 = Release|Any CPU
		{C0FA484E-49CA-4DD8-8A52-F8861C56AB2E}.Release|ARM.ActiveCfg = Release|Any CPU
		{C0FA484E-49CA-4DD8-8A52-F8861C56AB2E}.Release|ARM.Build.0 = Release|Any CPU
		{C0FA484E-49CA-4DD8-8A52-F8861C56AB2E}.Release|ARM.Deploy.0 = Release|Any CPU
		{C0FA484E-49CA-4DD8-8A52-F8861C56AB2E}.Release|iPhone.ActiveCfg = Release|Any CPU
		{C0FA484E-49CA-4DD8-8A52-F8861C56AB2E}.Release|iPhone.Build.0 = Release|Any CPU
		{C0FA484E-49CA-4DD8-8A52-F8861C56AB2E}.Release|iPhone.Deploy.0 = Release|Any CPU
		{C0FA484E-49CA-4DD8-8A52-F8861C56AB2E}.Release|iPhoneSimulator.ActiveCfg = Release|Any CPU
		{C0FA484E-49CA-4DD8-8A52-F8861C56AB2E}.Release|iPhoneSimulator.Build.0 = Release|Any CPU
		{C0FA484E-49CA-4DD8-8A52-F8861C56AB2E}.Release|iPhoneSimulator.Deploy.0 = Release|Any CPU
		{C0FA484E-49CA-4DD8-8A52-F8861C56AB2E}.Release|x64.ActiveCfg = Release|Any CPU
		{C0FA484E-49CA-4DD8-8A52-F8861C56AB2E}.Release|x64.Build.0 = Release|Any CPU
		{C0FA484E-49CA-4DD8-8A52-F8861C56AB2E}.Release|x64.Deploy.0 = Release|Any CPU
		{C0FA484E-49CA-4DD8-8A52-F8861C56AB2E}.Release|x86.ActiveCfg = Release|Any CPU
		{C0FA484E-49CA-4DD8-8A52-F8861C56AB2E}.Release|x86.Build.0 = Release|Any CPU
		{C0FA484E-49CA-4DD8-8A52-F8861C56AB2E}.Release|x86.Deploy.0 = Release|Any CPU
	EndGlobalSection
	GlobalSection(SolutionProperties) = preSolution
		HideSolutionNode = FALSE
	EndGlobalSection
	GlobalSection(ExtensibilityGlobals) = postSolution
		SolutionGuid = {3F18E70B-E5D2-4E04-98C6-571ABEAF3042}
	EndGlobalSection
EndGlobal
